
Microsoft Visual Studio Solution File, Format Version 12.00
# Visual Studio Version 16
VisualStudioVersion = 16.0.31105.61
MinimumVisualStudioVersion = 10.0.40219.1
Project("{9A19103F-16F7-4668-BE54-9A1E7A4F7556}") = "MetricsAgent", "MetricsAgent\MetricsAgent.csproj", "{D3B91BF1-2C38-49A3-9B73-4EDD77A3F8F2}"
EndProject
Project("{9A19103F-16F7-4668-BE54-9A1E7A4F7556}") = "MetricsManager", "MetricsManager\MetricsManager.csproj", "{5EFB701E-54BD-4B3B-8AE7-4545B1BE04C3}"
EndProject
Project("{9A19103F-16F7-4668-BE54-9A1E7A4F7556}") = "MetricsManagerTests", "MetricsManagerTests\MetricsManagerTests.csproj", "{9D50376A-0C0B-4D2C-A78A-5FA778329541}"
EndProject
Project("{FAE04EC0-301F-11D3-BF4B-00C04F79EFBC}") = "MetricsAgentTests", "MetricsAgentTests\MetricsAgentTests.csproj", "{7F5C4E7D-085F-4EC4-ACD9-EFFF339F1D4D}"
EndProject
Global
	GlobalSection(SolutionConfigurationPlatforms) = preSolution
		Debug|Any CPU = Debug|Any CPU
		Release|Any CPU = Release|Any CPU
	EndGlobalSection
	GlobalSection(ProjectConfigurationPlatforms) = postSolution
		{D3B91BF1-2C38-49A3-9B73-4EDD77A3F8F2}.Debug|Any CPU.ActiveCfg = Debug|Any CPU
		{D3B91BF1-2C38-49A3-9B73-4EDD77A3F8F2}.Debug|Any CPU.Build.0 = Debug|Any CPU
		{D3B91BF1-2C38-49A3-9B73-4EDD77A3F8F2}.Release|Any CPU.ActiveCfg = Release|Any CPU
		{D3B91BF1-2C38-49A3-9B73-4EDD77A3F8F2}.Release|Any CPU.Build.0 = Release|Any CPU
		{5EFB701E-54BD-4B3B-8AE7-4545B1BE04C3}.Debug|Any CPU.ActiveCfg = Debug|Any CPU
		{5EFB701E-54BD-4B3B-8AE7-4545B1BE04C3}.Debug|Any CPU.Build.0 = Debug|Any CPU
		{5EFB701E-54BD-4B3B-8AE7-4545B1BE04C3}.Release|Any CPU.ActiveCfg = Release|Any CPU
		{5EFB701E-54BD-4B3B-8AE7-4545B1BE04C3}.Release|Any CPU.Build.0 = Release|Any CPU
		{9D50376A-0C0B-4D2C-A78A-5FA778329541}.Debug|Any CPU.ActiveCfg = Debug|Any CPU
		{9D50376A-0C0B-4D2C-A78A-5FA778329541}.Debug|Any CPU.Build.0 = Debug|Any CPU
		{9D50376A-0C0B-4D2C-A78A-5FA778329541}.Release|Any CPU.ActiveCfg = Release|Any CPU
		{9D50376A-0C0B-4D2C-A78A-5FA778329541}.Release|Any CPU.Build.0 = Release|Any CPU
		{7F5C4E7D-085F-4EC4-ACD9-EFFF339F1D4D}.Debug|Any CPU.ActiveCfg = Debug|Any CPU
		{7F5C4E7D-085F-4EC4-ACD9-EFFF339F1D4D}.Debug|Any CPU.Build.0 = Debug|Any CPU
		{7F5C4E7D-085F-4EC4-ACD9-EFFF339F1D4D}.Release|Any CPU.ActiveCfg = Release|Any CPU
		{7F5C4E7D-085F-4EC4-ACD9-EFFF339F1D4D}.Release|Any CPU.Build.0 = Release|Any CPU
	EndGlobalSection
	GlobalSection(SolutionProperties) = preSolution
		HideSolutionNode = FALSE
	EndGlobalSection
	GlobalSection(ExtensibilityGlobals) = postSolution
		SolutionGuid = {0CC18B4F-242F-4ED8-AE5F-7E5540BF441F}
	EndGlobalSection
EndGlobal
